<?xml version="1.0" encoding="utf-8"?>
<Project ToolsVersion="4.0" xmlns="http://schemas.microsoft.com/developer/msbuild/2003">
  <ItemGroup>
    <None Include=".gitignore">
      <Filter>git</Filter>
    </None>
    <None Include=".gitattributes">
      <Filter>git</Filter>
    </None>
    <None Include="README.MD">
      <Filter>git</Filter>
    </None>
  </ItemGroup>
  <ItemGroup>
    <Filter Include="git">
      <UniqueIdentifier>{286dc804-f7aa-4c36-9e00-24a0307d46e4}</UniqueIdentifier>
    </Filter>
    <Filter Include="src">
      <UniqueIdentifier>{589fdd85-72c5-43e3-b3a3-c00f52b9bd57}</UniqueIdentifier>
    </Filter>
    <Filter Include="dependencies">
      <UniqueIdentifier>{69c26122-704c-4735-b07a-76826c391345}</UniqueIdentifier>
    </Filter>
  </ItemGroup>
  <ItemGroup>
    <ClCompile Include="Program.cpp">
      <Filter>src</Filter>
    </ClCompile>
  </ItemGroup>
  <ItemGroup>
    <ClInclude Include="mini.h">
      <Filter>dependencies</Filter>
    </ClInclude>
  </ItemGroup>
</Project>